// !$*UTF8*$!
{
	archiveVersion = 1;
	classes = {
	};
	objectVersion = 77;
	objects = {

/* Begin PBXBuildFile section */
		33239DDD2D15EE6900B77490 /* ToastView.swift in Sources */ = {isa = PBXBuildFile; fileRef = 33239DDC2D15EE6500B77490 /* ToastView.swift */; };
		33239DE02D16064B00B77490 /* CashAppNumpad.swift in Sources */ = {isa = PBXBuildFile; fileRef = 33239DDF2D16064300B77490 /* CashAppNumpad.swift */; };
		33239DE22D160B4F00B77490 /* ValidField.swift in Sources */ = {isa = PBXBuildFile; fileRef = 33239DE12D160B4400B77490 /* ValidField.swift */; };
		33412A832D171A100013734F /* Extensions.swift in Sources */ = {isa = PBXBuildFile; fileRef = 33412A822D171A100013734F /* Extensions.swift */; };
		336007C82D148F110087BA1C /* Preview Assets.xcassets in Resources */ = {isa = PBXBuildFile; fileRef = 336007C22D148F110087BA1C /* Preview Assets.xcassets */; };
		336007C92D148F110087BA1C /* Assets.xcassets in Resources */ = {isa = PBXBuildFile; fileRef = 336007C42D148F110087BA1C /* Assets.xcassets */; };
		336007CA2D148F110087BA1C /* ContentView.swift in Sources */ = {isa = PBXBuildFile; fileRef = 336007C52D148F110087BA1C /* ContentView.swift */; };
		336007CB2D148F110087BA1C /* TwitterButtonExperApp.swift in Sources */ = {isa = PBXBuildFile; fileRef = 336007C62D148F110087BA1C /* TwitterButtonExperApp.swift */; };
		336007D02D1492CC0087BA1C /* LoginView.swift in Sources */ = {isa = PBXBuildFile; fileRef = 336007CF2D1492C80087BA1C /* LoginView.swift */; };
		33895EBD2D149BF3005D91BD /* LoginViewModel.swift in Sources */ = {isa = PBXBuildFile; fileRef = 33895EBC2D149BEA005D91BD /* LoginViewModel.swift */; };
		33895EBF2D14A651005D91BD /* ButtonView.swift in Sources */ = {isa = PBXBuildFile; fileRef = 33895EBE2D14A64B005D91BD /* ButtonView.swift */; };
/* End PBXBuildFile section */

/* Begin PBXFileReference section */
		33239DDC2D15EE6500B77490 /* ToastView.swift */ = {isa = PBXFileReference; lastKnownFileType = sourcecode.swift; path = ToastView.swift; sourceTree = "<group>"; };
		33239DDF2D16064300B77490 /* CashAppNumpad.swift */ = {isa = PBXFileReference; lastKnownFileType = sourcecode.swift; path = CashAppNumpad.swift; sourceTree = "<group>"; };
		33239DE12D160B4400B77490 /* ValidField.swift */ = {isa = PBXFileReference; lastKnownFileType = sourcecode.swift; path = ValidField.swift; sourceTree = "<group>"; };
		33412A822D171A100013734F /* Extensions.swift */ = {isa = PBXFileReference; lastKnownFileType = sourcecode.swift; path = Extensions.swift; sourceTree = "<group>"; };
		336007B02D148EEA0087BA1C /* TwitterButtonExper.app */ = {isa = PBXFileReference; explicitFileType = wrapper.application; includeInIndex = 0; path = TwitterButtonExper.app; sourceTree = BUILT_PRODUCTS_DIR; };
		336007C22D148F110087BA1C /* Preview Assets.xcassets */ = {isa = PBXFileReference; lastKnownFileType = folder.assetcatalog; path = "Preview Assets.xcassets"; sourceTree = "<group>"; };
		336007C42D148F110087BA1C /* Assets.xcassets */ = {isa = PBXFileReference; lastKnownFileType = folder.assetcatalog; path = Assets.xcassets; sourceTree = "<group>"; };
		336007C52D148F110087BA1C /* ContentView.swift */ = {isa = PBXFileReference; lastKnownFileType = sourcecode.swift; path = ContentView.swift; sourceTree = "<group>"; };
		336007C62D148F110087BA1C /* TwitterButtonExperApp.swift */ = {isa = PBXFileReference; lastKnownFileType = sourcecode.swift; path = TwitterButtonExperApp.swift; sourceTree = "<group>"; };
		336007CF2D1492C80087BA1C /* LoginView.swift */ = {isa = PBXFileReference; lastKnownFileType = sourcecode.swift; path = LoginView.swift; sourceTree = "<group>"; };
		33895EBC2D149BEA005D91BD /* LoginViewModel.swift */ = {isa = PBXFileReference; lastKnownFileType = sourcecode.swift; path = LoginViewModel.swift; sourceTree = "<group>"; };
		33895EBE2D14A64B005D91BD /* ButtonView.swift */ = {isa = PBXFileReference; lastKnownFileType = sourcecode.swift; path = ButtonView.swift; sourceTree = "<group>"; };
/* End PBXFileReference section */

/* Begin PBXFrameworksBuildPhase section */
		336007AD2D148EEA0087BA1C /* Frameworks */ = {
			isa = PBXFrameworksBuildPhase;
			buildActionMask = 2147483647;
			files = (
			);
			runOnlyForDeploymentPostprocessing = 0;
		};
/* End PBXFrameworksBuildPhase section */

/* Begin PBXGroup section */
		33239DDE2D15F02600B77490 /* Components */ = {
			isa = PBXGroup;
			children = (
				33239DE12D160B4400B77490 /* ValidField.swift */,
				33239DDC2D15EE6500B77490 /* ToastView.swift */,
				33895EBE2D14A64B005D91BD /* ButtonView.swift */,
				33412A822D171A100013734F /* Extensions.swift */,
			);
			path = Components;
			sourceTree = "<group>";
		};
		336007A72D148EEA0087BA1C = {
			isa = PBXGroup;
			children = (
				336007C72D148F110087BA1C /* TwitterButtonExper */,
				336007B12D148EEA0087BA1C /* Products */,
			);
			sourceTree = "<group>";
		};
		336007B12D148EEA0087BA1C /* Products */ = {
			isa = PBXGroup;
			children = (
				336007B02D148EEA0087BA1C /* TwitterButtonExper.app */,
			);
			name = Products;
			sourceTree = "<group>";
		};
		336007C32D148F110087BA1C /* Preview Content */ = {
			isa = PBXGroup;
			children = (
				336007C22D148F110087BA1C /* Preview Assets.xcassets */,
			);
			path = "Preview Content";
			sourceTree = "<group>";
		};
		336007C72D148F110087BA1C /* TwitterButtonExper */ = {
			isa = PBXGroup;
			children = (
				336007C62D148F110087BA1C /* TwitterButtonExperApp.swift */,
				336007C52D148F110087BA1C /* ContentView.swift */,
				336007CC2D14915F0087BA1C /* Models */,
				336007CD2D14916A0087BA1C /* ViewModels */,
				336007CE2D1491740087BA1C /* Views */,
				33239DDE2D15F02600B77490 /* Components */,
				336007C32D148F110087BA1C /* Preview Content */,
				336007C42D148F110087BA1C /* Assets.xcassets */,
			);
			path = TwitterButtonExper;
			sourceTree = "<group>";
		};
		336007CC2D14915F0087BA1C /* Models */ = {
			isa = PBXGroup;
			children = (
			);
			path = Models;
			sourceTree = "<group>";
		};
		336007CD2D14916A0087BA1C /* ViewModels */ = {
			isa = PBXGroup;
			children = (
				33895EBC2D149BEA005D91BD /* LoginViewModel.swift */,
			);
			path = ViewModels;
			sourceTree = "<group>";
		};
		336007CE2D1491740087BA1C /* Views */ = {
			isa = PBXGroup;
			children = (
				33239DDF2D16064300B77490 /* CashAppNumpad.swift */,
				336007CF2D1492C80087BA1C /* LoginView.swift */,
			);
			path = Views;
			sourceTree = "<group>";
		};
/* End PBXGroup section */

/* Begin PBXNativeTarget section */
		336007AF2D148EEA0087BA1C /* TwitterButtonExper */ = {
			isa = PBXNativeTarget;
			buildConfigurationList = 336007BE2D148EEC0087BA1C /* Build configuration list for PBXNativeTarget "TwitterButtonExper" */;
			buildPhases = (
				336007AC2D148EEA0087BA1C /* Sources */,
				336007AD2D148EEA0087BA1C /* Frameworks */,
				336007AE2D148EEA0087BA1C /* Resources */,
			);
			buildRules = (
			);
			dependencies = (
			);
			name = TwitterButtonExper;
			packageProductDependencies = (
			);
			productName = TwitterButtonExper;
			productReference = 336007B02D148EEA0087BA1C /* TwitterButtonExper.app */;
			productType = "com.apple.product-type.application";
		};
/* End PBXNativeTarget section */

/* Begin PBXProject section */
		336007A82D148EEA0087BA1C /* Project object */ = {
			isa = PBXProject;
			attributes = {
				BuildIndependentTargetsInParallel = 1;
				LastSwiftUpdateCheck = 1600;
				LastUpgradeCheck = 1600;
				TargetAttributes = {
					336007AF2D148EEA0087BA1C = {
						CreatedOnToolsVersion = 16.0;
					};
				};
			};
			buildConfigurationList = 336007AB2D148EEA0087BA1C /* Build configuration list for PBXProject "TwitterButtonExper" */;
			developmentRegion = en;
			hasScannedForEncodings = 0;
			knownRegions = (
				en,
				Base,
			);
			mainGroup = 336007A72D148EEA0087BA1C;
			minimizedProjectReferenceProxies = 1;
			preferredProjectObjectVersion = 77;
			productRefGroup = 336007B12D148EEA0087BA1C /* Products */;
			projectDirPath = "";
			projectRoot = "";
			targets = (
				336007AF2D148EEA0087BA1C /* TwitterButtonExper */,
			);
		};
/* End PBXProject section */

/* Begin PBXResourcesBuildPhase section */
		336007AE2D148EEA0087BA1C /* Resources */ = {
			isa = PBXResourcesBuildPhase;
			buildActionMask = 2147483647;
			files = (
				336007C82D148F110087BA1C /* Preview Assets.xcassets in Resources */,
				336007C92D148F110087BA1C /* Assets.xcassets in Resources */,
			);
			runOnlyForDeploymentPostprocessing = 0;
		};
/* End PBXResourcesBuildPhase section */

/* Begin PBXSourcesBuildPhase section */
		336007AC2D148EEA0087BA1C /* Sources */ = {
			isa = PBXSourcesBuildPhase;
			buildActionMask = 2147483647;
			files = (
				33895EBD2D149BF3005D91BD /* LoginViewModel.swift in Sources */,
				33412A832D171A100013734F /* Extensions.swift in Sources */,
				33239DE02D16064B00B77490 /* CashAppNumpad.swift in Sources */,
				336007D02D1492CC0087BA1C /* LoginView.swift in Sources */,
				33895EBF2D14A651005D91BD /* ButtonView.swift in Sources */,
				336007CA2D148F110087BA1C /* ContentView.swift in Sources */,
				33239DDD2D15EE6900B77490 /* ToastView.swift in Sources */,
				336007CB2D148F110087BA1C /* TwitterButtonExperApp.swift in Sources */,
				33239DE22D160B4F00B77490 /* ValidField.swift in Sources */,
			);
			runOnlyForDeploymentPostprocessing = 0;
		};
/* End PBXSourcesBuildPhase section */

/* Begin XCBuildConfiguration section */
		336007BC2D148EEC0087BA1C /* Debug */ = {
			isa = XCBuildConfiguration;
			buildSettings = {
				ALWAYS_SEARCH_USER_PATHS = NO;
				ASSETCATALOG_COMPILER_GENERATE_SWIFT_ASSET_SYMBOL_EXTENSIONS = YES;
				CLANG_ANALYZER_NONNULL = YES;
				CLANG_ANALYZER_NUMBER_OBJECT_CONVERSION = YES_AGGRESSIVE;
				CLANG_CXX_LANGUAGE_STANDARD = "gnu++20";
				CLANG_ENABLE_MODULES = YES;
				CLANG_ENABLE_OBJC_ARC = YES;
				CLANG_ENABLE_OBJC_WEAK = YES;
				CLANG_WARN_BLOCK_CAPTURE_AUTORELEASING = YES;
				CLANG_WARN_BOOL_CONVERSION = YES;
				CLANG_WARN_COMMA = YES;
				CLANG_WARN_CONSTANT_CONVERSION = YES;
				CLANG_WARN_DEPRECATED_OBJC_IMPLEMENTATIONS = YES;
				CLANG_WARN_DIRECT_OBJC_ISA_USAGE = YES_ERROR;
				CLANG_WARN_DOCUMENTATION_COMMENTS = YES;
				CLANG_WARN_EMPTY_BODY = YES;
				CLANG_WARN_ENUM_CONVERSION = YES;
				CLANG_WARN_INFINITE_RECURSION = YES;
				CLANG_WARN_INT_CONVERSION = YES;
				CLANG_WARN_NON_LITERAL_NULL_CONVERSION = YES;
				CLANG_WARN_OBJC_IMPLICIT_RETAIN_SELF = YES;
				CLANG_WARN_OBJC_LITERAL_CONVERSION = YES;
				CLANG_WARN_OBJC_ROOT_CLASS = YES_ERROR;
				CLANG_WARN_QUOTED_INCLUDE_IN_FRAMEWORK_HEADER = YES;
				CLANG_WARN_RANGE_LOOP_ANALYSIS = YES;
				CLANG_WARN_STRICT_PROTOTYPES = YES;
				CLANG_WARN_SUSPICIOUS_MOVE = YES;
				CLANG_WARN_UNGUARDED_AVAILABILITY = YES_AGGRESSIVE;
				CLANG_WARN_UNREACHABLE_CODE = YES;
				CLANG_WARN__DUPLICATE_METHOD_MATCH = YES;
				COPY_PHASE_STRIP = NO;
				DEBUG_INFORMATION_FORMAT = dwarf;
				ENABLE_STRICT_OBJC_MSGSEND = YES;
				ENABLE_TESTABILITY = YES;
				ENABLE_USER_SCRIPT_SANDBOXING = YES;
				GCC_C_LANGUAGE_STANDARD = gnu17;
				GCC_DYNAMIC_NO_PIC = NO;
				GCC_NO_COMMON_BLOCKS = YES;
				GCC_OPTIMIZATION_LEVEL = 0;
				GCC_PREPROCESSOR_DEFINITIONS = (
					"DEBUG=1",
					"$(inherited)",
				);
				GCC_WARN_64_TO_32_BIT_CONVERSION = YES;
				GCC_WARN_ABOUT_RETURN_TYPE = YES_ERROR;
				GCC_WARN_UNDECLARED_SELECTOR = YES;
				GCC_WARN_UNINITIALIZED_AUTOS = YES_AGGRESSIVE;
				GCC_WARN_UNUSED_FUNCTION = YES;
				GCC_WARN_UNUSED_VARIABLE = YES;
				IPHONEOS_DEPLOYMENT_TARGET = 18.0;
				LOCALIZATION_PREFERS_STRING_CATALOGS = YES;
				MTL_ENABLE_DEBUG_INFO = INCLUDE_SOURCE;
				MTL_FAST_MATH = YES;
				ONLY_ACTIVE_ARCH = YES;
				SDKROOT = iphoneos;
				SWIFT_ACTIVE_COMPILATION_CONDITIONS = "DEBUG $(inherited)";
				SWIFT_OPTIMIZATION_LEVEL = "-Onone";
			};
			name = Debug;
		};
		336007BD2D148EEC0087BA1C /* Release */ = {
			isa = XCBuildConfiguration;
			buildSettings = {
				ALWAYS_SEARCH_USER_PATHS = NO;
				ASSETCATALOG_COMPILER_GENERATE_SWIFT_ASSET_SYMBOL_EXTENSIONS = YES;
				CLANG_ANALYZER_NONNULL = YES;
				CLANG_ANALYZER_NUMBER_OBJECT_CONVERSION = YES_AGGRESSIVE;
				CLANG_CXX_LANGUAGE_STANDARD = "gnu++20";
				CLANG_ENABLE_MODULES = YES;
				CLANG_ENABLE_OBJC_ARC = YES;
				CLANG_ENABLE_OBJC_WEAK = YES;
				CLANG_WARN_BLOCK_CAPTURE_AUTORELEASING = YES;
				CLANG_WARN_BOOL_CONVERSION = YES;
				CLANG_WARN_COMMA = YES;
				CLANG_WARN_CONSTANT_CONVERSION = YES;
				CLANG_WARN_DEPRECATED_OBJC_IMPLEMENTATIONS = YES;
				CLANG_WARN_DIRECT_OBJC_ISA_USAGE = YES_ERROR;
				CLANG_WARN_DOCUMENTATION_COMMENTS = YES;
				CLANG_WARN_EMPTY_BODY = YES;
				CLANG_WARN_ENUM_CONVERSION = YES;
				CLANG_WARN_INFINITE_RECURSION = YES;
				CLANG_WARN_INT_CONVERSION = YES;
				CLANG_WARN_NON_LITERAL_NULL_CONVERSION = YES;
				CLANG_WARN_OBJC_IMPLICIT_RETAIN_SELF = YES;
				CLANG_WARN_OBJC_LITERAL_CONVERSION = YES;
				CLANG_WARN_OBJC_ROOT_CLASS = YES_ERROR;
				CLANG_WARN_QUOTED_INCLUDE_IN_FRAMEWORK_HEADER = YES;
				CLANG_WARN_RANGE_LOOP_ANALYSIS = YES;
				CLANG_WARN_STRICT_PROTOTYPES = YES;
				CLANG_WARN_SUSPICIOUS_MOVE = YES;
				CLANG_WARN_UNGUARDED_AVAILABILITY = YES_AGGRESSIVE;
				CLANG_WARN_UNREACHABLE_CODE = YES;
				CLANG_WARN__DUPLICATE_METHOD_MATCH = YES;
				COPY_PHASE_STRIP = NO;
				DEBUG_INFORMATION_FORMAT = "dwarf-with-dsym";
				ENABLE_NS_ASSERTIONS = NO;
				ENABLE_STRICT_OBJC_MSGSEND = YES;
				ENABLE_USER_SCRIPT_SANDBOXING = YES;
				GCC_C_LANGUAGE_STANDARD = gnu17;
				GCC_NO_COMMON_BLOCKS = YES;
				GCC_WARN_64_TO_32_BIT_CONVERSION = YES;
				GCC_WARN_ABOUT_RETURN_TYPE = YES_ERROR;
				GCC_WARN_UNDECLARED_SELECTOR = YES;
				GCC_WARN_UNINITIALIZED_AUTOS = YES_AGGRESSIVE;
				GCC_WARN_UNUSED_FUNCTION = YES;
				GCC_WARN_UNUSED_VARIABLE = YES;
				IPHONEOS_DEPLOYMENT_TARGET = 18.0;
				LOCALIZATION_PREFERS_STRING_CATALOGS = YES;
				MTL_ENABLE_DEBUG_INFO = NO;
				MTL_FAST_MATH = YES;
				SDKROOT = iphoneos;
				SWIFT_COMPILATION_MODE = wholemodule;
				VALIDATE_PRODUCT = YES;
			};
			name = Release;
		};
		336007BF2D148EEC0087BA1C /* Debug */ = {
			isa = XCBuildConfiguration;
			buildSettings = {
				ASSETCATALOG_COMPILER_APPICON_NAME = AppIcon;
				ASSETCATALOG_COMPILER_GLOBAL_ACCENT_COLOR_NAME = AccentColor;
				CODE_SIGN_STYLE = Automatic;
				CURRENT_PROJECT_VERSION = 1;
				DEVELOPMENT_ASSET_PATHS = "\"TwitterButtonExper/Preview Content\"";
				DEVELOPMENT_TEAM = HWBK35RDPD;
				ENABLE_PREVIEWS = YES;
				GENERATE_INFOPLIST_FILE = YES;
				INFOPLIST_KEY_UIApplicationSceneManifest_Generation = YES;
				INFOPLIST_KEY_UIApplicationSupportsIndirectInputEvents = YES;
				INFOPLIST_KEY_UILaunchScreen_Generation = YES;
				INFOPLIST_KEY_UISupportedInterfaceOrientations_iPad = "UIInterfaceOrientationPortrait UIInterfaceOrientationPortraitUpsideDown UIInterfaceOrientationLandscapeLeft UIInterfaceOrientationLandscapeRight";
				INFOPLIST_KEY_UISupportedInterfaceOrientations_iPhone = "UIInterfaceOrientationPortrait UIInterfaceOrientationLandscapeLeft UIInterfaceOrientationLandscapeRight";
				LD_RUNPATH_SEARCH_PATHS = (
					"$(inherited)",
					"@executable_path/Frameworks",
				);
				MARKETING_VERSION = 1.0;
				PRODUCT_BUNDLE_IDENTIFIER = co.tomasboo.TwitterButtonExper;
				PRODUCT_NAME = "$(TARGET_NAME)";
				SWIFT_EMIT_LOC_STRINGS = YES;
				SWIFT_VERSION = 5.0;
				TARGETED_DEVICE_FAMILY = "1,2";
			};
			name = Debug;
		};
		336007C02D148EEC0087BA1C /* Release */ = {
			isa = XCBuildConfiguration;
			buildSettings = {
				ASSETCATALOG_COMPILER_APPICON_NAME = AppIcon;
				ASSETCATALOG_COMPILER_GLOBAL_ACCENT_COLOR_NAME = AccentColor;
				CODE_SIGN_STYLE = Automatic;
				CURRENT_PROJECT_VERSION = 1;
				DEVELOPMENT_ASSET_PATHS = "\"TwitterButtonExper/Preview Content\"";
				DEVELOPMENT_TEAM = HWBK35RDPD;
				ENABLE_PREVIEWS = YES;
				GENERATE_INFOPLIST_FILE = YES;
				INFOPLIST_KEY_UIApplicationSceneManifest_Generation = YES;
				INFOPLIST_KEY_UIApplicationSupportsIndirectInputEvents = YES;
				INFOPLIST_KEY_UILaunchScreen_Generation = YES;
				INFOPLIST_KEY_UISupportedInterfaceOrientations_iPad = "UIInterfaceOrientationPortrait UIInterfaceOrientationPortraitUpsideDown UIInterfaceOrientationLandscapeLeft UIInterfaceOrientationLandscapeRight";
				INFOPLIST_KEY_UISupportedInterfaceOrientations_iPhone = "UIInterfaceOrientationPortrait UIInterfaceOrientationLandscapeLeft UIInterfaceOrientationLandscapeRight";
				LD_RUNPATH_SEARCH_PATHS = (
					"$(inherited)",
					"@executable_path/Frameworks",
				);
				MARKETING_VERSION = 1.0;
				PRODUCT_BUNDLE_IDENTIFIER = co.tomasboo.TwitterButtonExper;
				PRODUCT_NAME = "$(TARGET_NAME)";
				SWIFT_EMIT_LOC_STRINGS = YES;
				SWIFT_VERSION = 5.0;
				TARGETED_DEVICE_FAMILY = "1,2";
			};
			name = Release;
		};
/* End XCBuildConfiguration section */

/* Begin XCConfigurationList section */
		336007AB2D148EEA0087BA1C /* Build configuration list for PBXProject "TwitterButtonExper" */ = {
			isa = XCConfigurationList;
			buildConfigurations = (
				336007BC2D148EEC0087BA1C /* Debug */,
				336007BD2D148EEC0087BA1C /* Release */,
			);
			defaultConfigurationIsVisible = 0;
			defaultConfigurationName = Release;
		};
		336007BE2D148EEC0087BA1C /* Build configuration list for PBXNativeTarget "TwitterButtonExper" */ = {
			isa = XCConfigurationList;
			buildConfigurations = (
				336007BF2D148EEC0087BA1C /* Debug */,
				336007C02D148EEC0087BA1C /* Release */,
			);
			defaultConfigurationIsVisible = 0;
			defaultConfigurationName = Release;
		};
/* End XCConfigurationList section */
	};
	rootObject = 336007A82D148EEA0087BA1C /* Project object */;
}
